
Microsoft Visual Studio Solution File, Format Version 12.00
# Visual Studio Version 16
VisualStudioVersion = 16.0.32002.261
MinimumVisualStudioVersion = 10.0.40219.1
Project("{FAE04EC0-301F-11D3-BF4B-00C04F79EFBC}") = "ProfileApp", "ProfileApp\ProfileApp.csproj", "{568302B4-6876-4D7C-B76A-EA94BEFD3227}"
EndProject
Project("{FAE04EC0-301F-11D3-BF4B-00C04F79EFBC}") = "ProfileApp.Server", "ProfileApp.Server\ProfileApp.Server.csproj", "{3F845001-30C9-42E6-91A1-22F60B209A0A}"
EndProject
Project("{FAE04EC0-301F-11D3-BF4B-00C04F79EFBC}") = "DataAccess", "DataAccess\DataAccess.csproj", "{B5F3BC2D-3E0D-429E-B57B-76E8EB786FF6}"
EndProject
Project("{FAE04EC0-301F-11D3-BF4B-00C04F79EFBC}") = "Business", "Business\Business.csproj", "{1B3005B6-DC2D-4DB5-A2A6-C812C3662261}"
EndProject
Project("{FAE04EC0-301F-11D3-BF4B-00C04F79EFBC}") = "Models", "Models\Models.csproj", "{A850D0DA-1483-4833-BE0C-891AD10ACD05}"
EndProject
Global
	GlobalSection(SolutionConfigurationPlatforms) = preSolution
		Debug|Any CPU = Debug|Any CPU
		Release|Any CPU = Release|Any CPU
	EndGlobalSection
	GlobalSection(ProjectConfigurationPlatforms) = postSolution
		{568302B4-6876-4D7C-B76A-EA94BEFD3227}.Debug|Any CPU.ActiveCfg = Debug|Any CPU
		{568302B4-6876-4D7C-B76A-EA94BEFD3227}.Debug|Any CPU.Build.0 = Debug|Any CPU
		{568302B4-6876-4D7C-B76A-EA94BEFD3227}.Release|Any CPU.ActiveCfg = Release|Any CPU
		{568302B4-6876-4D7C-B76A-EA94BEFD3227}.Release|Any CPU.Build.0 = Release|Any CPU
		{3F845001-30C9-42E6-91A1-22F60B209A0A}.Debug|Any CPU.ActiveCfg = Debug|Any CPU
		{3F845001-30C9-42E6-91A1-22F60B209A0A}.Debug|Any CPU.Build.0 = Debug|Any CPU
		{3F845001-30C9-42E6-91A1-22F60B209A0A}.Release|Any CPU.ActiveCfg = Release|Any CPU
		{3F845001-30C9-42E6-91A1-22F60B209A0A}.Release|Any CPU.Build.0 = Release|Any CPU
		{B5F3BC2D-3E0D-429E-B57B-76E8EB786FF6}.Debug|Any CPU.ActiveCfg = Debug|Any CPU
		{B5F3BC2D-3E0D-429E-B57B-76E8EB786FF6}.Debug|Any CPU.Build.0 = Debug|Any CPU
		{B5F3BC2D-3E0D-429E-B57B-76E8EB786FF6}.Release|Any CPU.ActiveCfg = Release|Any CPU
		{B5F3BC2D-3E0D-429E-B57B-76E8EB786FF6}.Release|Any CPU.Build.0 = Release|Any CPU
		{1B3005B6-DC2D-4DB5-A2A6-C812C3662261}.Debug|Any CPU.ActiveCfg = Debug|Any CPU
		{1B3005B6-DC2D-4DB5-A2A6-C812C3662261}.Debug|Any CPU.Build.0 = Debug|Any CPU
		{1B3005B6-DC2D-4DB5-A2A6-C812C3662261}.Release|Any CPU.ActiveCfg = Release|Any CPU
		{1B3005B6-DC2D-4DB5-A2A6-C812C3662261}.Release|Any CPU.Build.0 = Release|Any CPU
		{A850D0DA-1483-4833-BE0C-891AD10ACD05}.Debug|Any CPU.ActiveCfg = Debug|Any CPU
		{A850D0DA-1483-4833-BE0C-891AD10ACD05}.Debug|Any CPU.Build.0 = Debug|Any CPU
		{A850D0DA-1483-4833-BE0C-891AD10ACD05}.Release|Any CPU.ActiveCfg = Release|Any CPU
		{A850D0DA-1483-4833-BE0C-891AD10ACD05}.Release|Any CPU.Build.0 = Release|Any CPU
	EndGlobalSection
	GlobalSection(SolutionProperties) = preSolution
		HideSolutionNode = FALSE
	EndGlobalSection
	GlobalSection(ExtensibilityGlobals) = postSolution
		SolutionGuid = {794C08CE-1071-4B32-BA10-9C4E999DF761}
	EndGlobalSection
EndGlobal
